
Microsoft Visual Studio Solution File, Format Version 12.00
# Visual Studio 15
VisualStudioVersion = 15.0.27130.2010
MinimumVisualStudioVersion = 10.0.40219.1
Project("{8BC9CEB8-8B4A-11D0-8D11-00A0C91BC942}") = "CanOpenNodeWin32NanoMsg", "CanOpenNodeWin32NanoMsg\CanOpenNodeWin32NanoMsg.vcxproj", "{4590C114-AADF-4291-94CF-B61685429EBD}"
	ProjectSection(ProjectDependencies) = postProject
		{F73AC90E-2AA5-3CD1-80F4-8A4A3A8F1FAA} = {F73AC90E-2AA5-3CD1-80F4-8A4A3A8F1FAA}
	EndProjectSection
EndProject
Project("{8BC9CEB8-8B4A-11D0-8D11-00A0C91BC942}") = "nanomsg", "..\nanomsgbuild\src\nanomsg.vcxproj", "{F73AC90E-2AA5-3CD1-80F4-8A4A3A8F1FAA}"
EndProject
Project("{8BC9CEB8-8B4A-11D0-8D11-00A0C91BC942}") = "libCanOpenNode", "libCanOpenNode\libCanOpenNode.vcxproj", "{2DF3760D-4BEF-48F6-B3F6-8DBFAD25CD2C}"
EndProject
Global
	GlobalSection(SolutionConfigurationPlatforms) = preSolution
		Debug|x64 = Debug|x64
		Debug|x86 = Debug|x86
		MinSizeRel|x64 = MinSizeRel|x64
		MinSizeRel|x86 = MinSizeRel|x86
		Release|x64 = Release|x64
		Release|x86 = Release|x86
		RelWithDebInfo|x64 = RelWithDebInfo|x64
		RelWithDebInfo|x86 = RelWithDebInfo|x86
	EndGlobalSection
	GlobalSection(ProjectConfigurationPlatforms) = postSolution
		{4590C114-AADF-4291-94CF-B61685429EBD}.Debug|x64.ActiveCfg = Debug|x64
		{4590C114-AADF-4291-94CF-B61685429EBD}.Debug|x64.Build.0 = Debug|x64
		{4590C114-AADF-4291-94CF-B61685429EBD}.Debug|x86.ActiveCfg = Debug|Win32
		{4590C114-AADF-4291-94CF-B61685429EBD}.Debug|x86.Build.0 = Debug|Win32
		{4590C114-AADF-4291-94CF-B61685429EBD}.MinSizeRel|x64.ActiveCfg = Release|x64
		{4590C114-AADF-4291-94CF-B61685429EBD}.MinSizeRel|x64.Build.0 = Release|x64
		{4590C114-AADF-4291-94CF-B61685429EBD}.MinSizeRel|x86.ActiveCfg = Release|Win32
		{4590C114-AADF-4291-94CF-B61685429EBD}.MinSizeRel|x86.Build.0 = Release|Win32
		{4590C114-AADF-4291-94CF-B61685429EBD}.Release|x64.ActiveCfg = Release|x64
		{4590C114-AADF-4291-94CF-B61685429EBD}.Release|x64.Build.0 = Release|x64
		{4590C114-AADF-4291-94CF-B61685429EBD}.Release|x86.ActiveCfg = Release|Win32
		{4590C114-AADF-4291-94CF-B61685429EBD}.Release|x86.Build.0 = Release|Win32
		{4590C114-AADF-4291-94CF-B61685429EBD}.RelWithDebInfo|x64.ActiveCfg = Release|x64
		{4590C114-AADF-4291-94CF-B61685429EBD}.RelWithDebInfo|x64.Build.0 = Release|x64
		{4590C114-AADF-4291-94CF-B61685429EBD}.RelWithDebInfo|x86.ActiveCfg = Release|Win32
		{4590C114-AADF-4291-94CF-B61685429EBD}.RelWithDebInfo|x86.Build.0 = Release|Win32
		{F73AC90E-2AA5-3CD1-80F4-8A4A3A8F1FAA}.Debug|x64.ActiveCfg = Debug|Win32
		{F73AC90E-2AA5-3CD1-80F4-8A4A3A8F1FAA}.Debug|x86.ActiveCfg = Debug|Win32
		{F73AC90E-2AA5-3CD1-80F4-8A4A3A8F1FAA}.Debug|x86.Build.0 = Debug|Win32
		{F73AC90E-2AA5-3CD1-80F4-8A4A3A8F1FAA}.MinSizeRel|x64.ActiveCfg = MinSizeRel|Win32
		{F73AC90E-2AA5-3CD1-80F4-8A4A3A8F1FAA}.MinSizeRel|x86.ActiveCfg = MinSizeRel|Win32
		{F73AC90E-2AA5-3CD1-80F4-8A4A3A8F1FAA}.MinSizeRel|x86.Build.0 = MinSizeRel|Win32
		{F73AC90E-2AA5-3CD1-80F4-8A4A3A8F1FAA}.Release|x64.ActiveCfg = Release|Win32
		{F73AC90E-2AA5-3CD1-80F4-8A4A3A8F1FAA}.Release|x86.ActiveCfg = Release|Win32
		{F73AC90E-2AA5-3CD1-80F4-8A4A3A8F1FAA}.Release|x86.Build.0 = Release|Win32
		{F73AC90E-2AA5-3CD1-80F4-8A4A3A8F1FAA}.RelWithDebInfo|x64.ActiveCfg = RelWithDebInfo|Win32
		{F73AC90E-2AA5-3CD1-80F4-8A4A3A8F1FAA}.RelWithDebInfo|x86.ActiveCfg = RelWithDebInfo|Win32
		{F73AC90E-2AA5-3CD1-80F4-8A4A3A8F1FAA}.RelWithDebInfo|x86.Build.0 = RelWithDebInfo|Win32
		{2DF3760D-4BEF-48F6-B3F6-8DBFAD25CD2C}.Debug|x64.ActiveCfg = Debug|x64
		{2DF3760D-4BEF-48F6-B3F6-8DBFAD25CD2C}.Debug|x64.Build.0 = Debug|x64
		{2DF3760D-4BEF-48F6-B3F6-8DBFAD25CD2C}.Debug|x86.ActiveCfg = Debug|Win32
		{2DF3760D-4BEF-48F6-B3F6-8DBFAD25CD2C}.Debug|x86.Build.0 = Debug|Win32
		{2DF3760D-4BEF-48F6-B3F6-8DBFAD25CD2C}.MinSizeRel|x64.ActiveCfg = Release|x64
		{2DF3760D-4BEF-48F6-B3F6-8DBFAD25CD2C}.MinSizeRel|x64.Build.0 = Release|x64
		{2DF3760D-4BEF-48F6-B3F6-8DBFAD25CD2C}.MinSizeRel|x86.ActiveCfg = Release|Win32
		{2DF3760D-4BEF-48F6-B3F6-8DBFAD25CD2C}.MinSizeRel|x86.Build.0 = Release|Win32
		{2DF3760D-4BEF-48F6-B3F6-8DBFAD25CD2C}.Release|x64.ActiveCfg = Release|x64
		{2DF3760D-4BEF-48F6-B3F6-8DBFAD25CD2C}.Release|x64.Build.0 = Release|x64
		{2DF3760D-4BEF-48F6-B3F6-8DBFAD25CD2C}.Release|x86.ActiveCfg = Release|Win32
		{2DF3760D-4BEF-48F6-B3F6-8DBFAD25CD2C}.Release|x86.Build.0 = Release|Win32
		{2DF3760D-4BEF-48F6-B3F6-8DBFAD25CD2C}.RelWithDebInfo|x64.ActiveCfg = Release|x64
		{2DF3760D-4BEF-48F6-B3F6-8DBFAD25CD2C}.RelWithDebInfo|x64.Build.0 = Release|x64
		{2DF3760D-4BEF-48F6-B3F6-8DBFAD25CD2C}.RelWithDebInfo|x86.ActiveCfg = Release|Win32
		{2DF3760D-4BEF-48F6-B3F6-8DBFAD25CD2C}.RelWithDebInfo|x86.Build.0 = Release|Win32
	EndGlobalSection
	GlobalSection(SolutionProperties) = preSolution
		HideSolutionNode = FALSE
	EndGlobalSection
	GlobalSection(ExtensibilityGlobals) = postSolution
		SolutionGuid = {5B39A202-4DF0-483D-856E-B8A5E50D0D8A}
	EndGlobalSection
EndGlobal
