<?xml version="1.0" encoding="UTF-8"?>
<Project ToolsVersion="15.0" xmlns="http://schemas.microsoft.com/developer/msbuild/2003">
  <ItemGroup>
    <ClCompile Include="D:\Code\CANopenNode\nanomsg\src\core\ep.c">
      <Filter>core</Filter>
    </ClCompile>
    <ClCompile Include="D:\Code\CANopenNode\nanomsg\src\core\global.c">
      <Filter>core</Filter>
    </ClCompile>
    <ClCompile Include="D:\Code\CANopenNode\nanomsg\src\core\pipe.c">
      <Filter>core</Filter>
    </ClCompile>
    <ClCompile Include="D:\Code\CANopenNode\nanomsg\src\core\poll.c">
      <Filter>core</Filter>
    </ClCompile>
    <ClCompile Include="D:\Code\CANopenNode\nanomsg\src\core\sock.c">
      <Filter>core</Filter>
    </ClCompile>
    <ClCompile Include="D:\Code\CANopenNode\nanomsg\src\core\sockbase.c">
      <Filter>core</Filter>
    </ClCompile>
    <ClCompile Include="D:\Code\CANopenNode\nanomsg\src\core\symbol.c">
      <Filter>core</Filter>
    </ClCompile>
    <ClCompile Include="D:\Code\CANopenNode\nanomsg\src\aio\ctx.c">
      <Filter>aio</Filter>
    </ClCompile>
    <ClCompile Include="D:\Code\CANopenNode\nanomsg\src\aio\fsm.c">
      <Filter>aio</Filter>
    </ClCompile>
    <ClCompile Include="D:\Code\CANopenNode\nanomsg\src\aio\pool.c">
      <Filter>aio</Filter>
    </ClCompile>
    <ClCompile Include="D:\Code\CANopenNode\nanomsg\src\aio\timer.c">
      <Filter>aio</Filter>
    </ClCompile>
    <ClCompile Include="D:\Code\CANopenNode\nanomsg\src\aio\timerset.c">
      <Filter>aio</Filter>
    </ClCompile>
    <ClCompile Include="D:\Code\CANopenNode\nanomsg\src\aio\usock.c">
      <Filter>aio</Filter>
    </ClCompile>
    <ClCompile Include="D:\Code\CANopenNode\nanomsg\src\aio\worker.c">
      <Filter>aio</Filter>
    </ClCompile>
    <ClCompile Include="D:\Code\CANopenNode\nanomsg\src\utils\alloc.c">
      <Filter>utils</Filter>
    </ClCompile>
    <ClCompile Include="D:\Code\CANopenNode\nanomsg\src\utils\atomic.c">
      <Filter>utils</Filter>
    </ClCompile>
    <ClCompile Include="D:\Code\CANopenNode\nanomsg\src\utils\chunk.c">
      <Filter>utils</Filter>
    </ClCompile>
    <ClCompile Include="D:\Code\CANopenNode\nanomsg\src\utils\chunkref.c">
      <Filter>utils</Filter>
    </ClCompile>
    <ClCompile Include="D:\Code\CANopenNode\nanomsg\src\utils\clock.c">
      <Filter>utils</Filter>
    </ClCompile>
    <ClCompile Include="D:\Code\CANopenNode\nanomsg\src\utils\closefd.c">
      <Filter>utils</Filter>
    </ClCompile>
    <ClCompile Include="D:\Code\CANopenNode\nanomsg\src\utils\efd.c">
      <Filter>utils</Filter>
    </ClCompile>
    <ClCompile Include="D:\Code\CANopenNode\nanomsg\src\utils\err.c">
      <Filter>utils</Filter>
    </ClCompile>
    <ClCompile Include="D:\Code\CANopenNode\nanomsg\src\utils\hash.c">
      <Filter>utils</Filter>
    </ClCompile>
    <ClCompile Include="D:\Code\CANopenNode\nanomsg\src\utils\list.c">
      <Filter>utils</Filter>
    </ClCompile>
    <ClCompile Include="D:\Code\CANopenNode\nanomsg\src\utils\msg.c">
      <Filter>utils</Filter>
    </ClCompile>
    <ClCompile Include="D:\Code\CANopenNode\nanomsg\src\utils\condvar.c">
      <Filter>utils</Filter>
    </ClCompile>
    <ClCompile Include="D:\Code\CANopenNode\nanomsg\src\utils\mutex.c">
      <Filter>utils</Filter>
    </ClCompile>
    <ClCompile Include="D:\Code\CANopenNode\nanomsg\src\utils\once.c">
      <Filter>utils</Filter>
    </ClCompile>
    <ClCompile Include="D:\Code\CANopenNode\nanomsg\src\utils\queue.c">
      <Filter>utils</Filter>
    </ClCompile>
    <ClCompile Include="D:\Code\CANopenNode\nanomsg\src\utils\random.c">
      <Filter>utils</Filter>
    </ClCompile>
    <ClCompile Include="D:\Code\CANopenNode\nanomsg\src\utils\sem.c">
      <Filter>utils</Filter>
    </ClCompile>
    <ClCompile Include="D:\Code\CANopenNode\nanomsg\src\utils\sleep.c">
      <Filter>utils</Filter>
    </ClCompile>
    <ClCompile Include="D:\Code\CANopenNode\nanomsg\src\utils\strcasecmp.c">
      <Filter>utils</Filter>
    </ClCompile>
    <ClCompile Include="D:\Code\CANopenNode\nanomsg\src\utils\strcasestr.c">
      <Filter>utils</Filter>
    </ClCompile>
    <ClCompile Include="D:\Code\CANopenNode\nanomsg\src\utils\strncasecmp.c">
      <Filter>utils</Filter>
    </ClCompile>
    <ClCompile Include="D:\Code\CANopenNode\nanomsg\src\utils\thread.c">
      <Filter>utils</Filter>
    </ClCompile>
    <ClCompile Include="D:\Code\CANopenNode\nanomsg\src\utils\wire.c">
      <Filter>utils</Filter>
    </ClCompile>
    <ClCompile Include="D:\Code\CANopenNode\nanomsg\src\devices\device.c">
      <Filter>devices</Filter>
    </ClCompile>
    <ClCompile Include="D:\Code\CANopenNode\nanomsg\src\protocols\utils\dist.c">
      <Filter>protocols\utils</Filter>
    </ClCompile>
    <ClCompile Include="D:\Code\CANopenNode\nanomsg\src\protocols\utils\excl.c">
      <Filter>protocols\utils</Filter>
    </ClCompile>
    <ClCompile Include="D:\Code\CANopenNode\nanomsg\src\protocols\utils\fq.c">
      <Filter>protocols\utils</Filter>
    </ClCompile>
    <ClCompile Include="D:\Code\CANopenNode\nanomsg\src\protocols\utils\lb.c">
      <Filter>protocols\utils</Filter>
    </ClCompile>
    <ClCompile Include="D:\Code\CANopenNode\nanomsg\src\protocols\utils\priolist.c">
      <Filter>protocols\utils</Filter>
    </ClCompile>
    <ClCompile Include="D:\Code\CANopenNode\nanomsg\src\protocols\bus\bus.c">
      <Filter>protocols\bus</Filter>
    </ClCompile>
    <ClCompile Include="D:\Code\CANopenNode\nanomsg\src\protocols\bus\xbus.c">
      <Filter>protocols\bus</Filter>
    </ClCompile>
    <ClCompile Include="D:\Code\CANopenNode\nanomsg\src\protocols\pipeline\push.c">
      <Filter>protocols\pipeline</Filter>
    </ClCompile>
    <ClCompile Include="D:\Code\CANopenNode\nanomsg\src\protocols\pipeline\pull.c">
      <Filter>protocols\pipeline</Filter>
    </ClCompile>
    <ClCompile Include="D:\Code\CANopenNode\nanomsg\src\protocols\pipeline\xpull.c">
      <Filter>protocols\pipeline</Filter>
    </ClCompile>
    <ClCompile Include="D:\Code\CANopenNode\nanomsg\src\protocols\pipeline\xpush.c">
      <Filter>protocols\pipeline</Filter>
    </ClCompile>
    <ClCompile Include="D:\Code\CANopenNode\nanomsg\src\protocols\pair\pair.c">
      <Filter>protocols\pair</Filter>
    </ClCompile>
    <ClCompile Include="D:\Code\CANopenNode\nanomsg\src\protocols\pair\xpair.c">
      <Filter>protocols\pair</Filter>
    </ClCompile>
    <ClCompile Include="D:\Code\CANopenNode\nanomsg\src\protocols\pubsub\pub.c">
      <Filter>protocols\pubsub</Filter>
    </ClCompile>
    <ClCompile Include="D:\Code\CANopenNode\nanomsg\src\protocols\pubsub\sub.c">
      <Filter>protocols\pubsub</Filter>
    </ClCompile>
    <ClCompile Include="D:\Code\CANopenNode\nanomsg\src\protocols\pubsub\trie.c">
      <Filter>protocols\pubsub</Filter>
    </ClCompile>
    <ClCompile Include="D:\Code\CANopenNode\nanomsg\src\protocols\pubsub\xpub.c">
      <Filter>protocols\pubsub</Filter>
    </ClCompile>
    <ClCompile Include="D:\Code\CANopenNode\nanomsg\src\protocols\pubsub\xsub.c">
      <Filter>protocols\pubsub</Filter>
    </ClCompile>
    <ClCompile Include="D:\Code\CANopenNode\nanomsg\src\protocols\reqrep\req.c">
      <Filter>protocols\reqrep</Filter>
    </ClCompile>
    <ClCompile Include="D:\Code\CANopenNode\nanomsg\src\protocols\reqrep\rep.c">
      <Filter>protocols\reqrep</Filter>
    </ClCompile>
    <ClCompile Include="D:\Code\CANopenNode\nanomsg\src\protocols\reqrep\task.c">
      <Filter>protocols\reqrep</Filter>
    </ClCompile>
    <ClCompile Include="D:\Code\CANopenNode\nanomsg\src\protocols\reqrep\xrep.c">
      <Filter>protocols\reqrep</Filter>
    </ClCompile>
    <ClCompile Include="D:\Code\CANopenNode\nanomsg\src\protocols\reqrep\xreq.c">
      <Filter>protocols\reqrep</Filter>
    </ClCompile>
    <ClCompile Include="D:\Code\CANopenNode\nanomsg\src\protocols\survey\respondent.c">
      <Filter>protocols\survey</Filter>
    </ClCompile>
    <ClCompile Include="D:\Code\CANopenNode\nanomsg\src\protocols\survey\surveyor.c">
      <Filter>protocols\survey</Filter>
    </ClCompile>
    <ClCompile Include="D:\Code\CANopenNode\nanomsg\src\protocols\survey\xrespondent.c">
      <Filter>protocols\survey</Filter>
    </ClCompile>
    <ClCompile Include="D:\Code\CANopenNode\nanomsg\src\protocols\survey\xsurveyor.c">
      <Filter>protocols\survey</Filter>
    </ClCompile>
    <ClCompile Include="D:\Code\CANopenNode\nanomsg\src\transports\utils\backoff.c">
      <Filter>transports\utils</Filter>
    </ClCompile>
    <ClCompile Include="D:\Code\CANopenNode\nanomsg\src\transports\utils\dns.c">
      <Filter>transports\utils</Filter>
    </ClCompile>
    <ClCompile Include="D:\Code\CANopenNode\nanomsg\src\transports\utils\iface.c">
      <Filter>transports\utils</Filter>
    </ClCompile>
    <ClCompile Include="D:\Code\CANopenNode\nanomsg\src\transports\utils\literal.c">
      <Filter>transports\utils</Filter>
    </ClCompile>
    <ClCompile Include="D:\Code\CANopenNode\nanomsg\src\transports\utils\port.c">
      <Filter>transports\utils</Filter>
    </ClCompile>
    <ClCompile Include="D:\Code\CANopenNode\nanomsg\src\transports\utils\streamhdr.c">
      <Filter>transports\utils</Filter>
    </ClCompile>
    <ClCompile Include="D:\Code\CANopenNode\nanomsg\src\transports\utils\base64.c">
      <Filter>transports\utils</Filter>
    </ClCompile>
    <ClCompile Include="D:\Code\CANopenNode\nanomsg\src\transports\inproc\binproc.c">
      <Filter>transports\inproc</Filter>
    </ClCompile>
    <ClCompile Include="D:\Code\CANopenNode\nanomsg\src\transports\inproc\cinproc.c">
      <Filter>transports\inproc</Filter>
    </ClCompile>
    <ClCompile Include="D:\Code\CANopenNode\nanomsg\src\transports\inproc\inproc.c">
      <Filter>transports\inproc</Filter>
    </ClCompile>
    <ClCompile Include="D:\Code\CANopenNode\nanomsg\src\transports\inproc\ins.c">
      <Filter>transports\inproc</Filter>
    </ClCompile>
    <ClCompile Include="D:\Code\CANopenNode\nanomsg\src\transports\inproc\msgqueue.c">
      <Filter>transports\inproc</Filter>
    </ClCompile>
    <ClCompile Include="D:\Code\CANopenNode\nanomsg\src\transports\inproc\sinproc.c">
      <Filter>transports\inproc</Filter>
    </ClCompile>
    <ClCompile Include="D:\Code\CANopenNode\nanomsg\src\transports\ipc\aipc.c">
      <Filter>transports\ipc</Filter>
    </ClCompile>
    <ClCompile Include="D:\Code\CANopenNode\nanomsg\src\transports\ipc\bipc.c">
      <Filter>transports\ipc</Filter>
    </ClCompile>
    <ClCompile Include="D:\Code\CANopenNode\nanomsg\src\transports\ipc\cipc.c">
      <Filter>transports\ipc</Filter>
    </ClCompile>
    <ClCompile Include="D:\Code\CANopenNode\nanomsg\src\transports\ipc\ipc.c">
      <Filter>transports\ipc</Filter>
    </ClCompile>
    <ClCompile Include="D:\Code\CANopenNode\nanomsg\src\transports\ipc\sipc.c">
      <Filter>transports\ipc</Filter>
    </ClCompile>
    <ClCompile Include="D:\Code\CANopenNode\nanomsg\src\transports\tcp\atcp.c">
      <Filter>transports\tcp</Filter>
    </ClCompile>
    <ClCompile Include="D:\Code\CANopenNode\nanomsg\src\transports\tcp\btcp.c">
      <Filter>transports\tcp</Filter>
    </ClCompile>
    <ClCompile Include="D:\Code\CANopenNode\nanomsg\src\transports\tcp\ctcp.c">
      <Filter>transports\tcp</Filter>
    </ClCompile>
    <ClCompile Include="D:\Code\CANopenNode\nanomsg\src\transports\tcp\stcp.c">
      <Filter>transports\tcp</Filter>
    </ClCompile>
    <ClCompile Include="D:\Code\CANopenNode\nanomsg\src\transports\tcp\tcp.c">
      <Filter>transports\tcp</Filter>
    </ClCompile>
    <ClCompile Include="D:\Code\CANopenNode\nanomsg\src\transports\ws\aws.c">
      <Filter>transports\ws</Filter>
    </ClCompile>
    <ClCompile Include="D:\Code\CANopenNode\nanomsg\src\transports\ws\bws.c">
      <Filter>transports\ws</Filter>
    </ClCompile>
    <ClCompile Include="D:\Code\CANopenNode\nanomsg\src\transports\ws\cws.c">
      <Filter>transports\ws</Filter>
    </ClCompile>
    <ClCompile Include="D:\Code\CANopenNode\nanomsg\src\transports\ws\sws.c">
      <Filter>transports\ws</Filter>
    </ClCompile>
    <ClCompile Include="D:\Code\CANopenNode\nanomsg\src\transports\ws\ws.c">
      <Filter>transports\ws</Filter>
    </ClCompile>
    <ClCompile Include="D:\Code\CANopenNode\nanomsg\src\transports\ws\ws_handshake.c">
      <Filter>transports\ws</Filter>
    </ClCompile>
    <ClCompile Include="D:\Code\CANopenNode\nanomsg\src\transports\ws\sha1.c">
      <Filter>transports\ws</Filter>
    </ClCompile>
  </ItemGroup>
  <ItemGroup>
    <ClInclude Include="D:\Code\CANopenNode\nanomsg\src\nn.h">
      <Filter>nn.h</Filter>
    </ClInclude>
    <ClInclude Include="D:\Code\CANopenNode\nanomsg\src\inproc.h">
      <Filter>inproc.h</Filter>
    </ClInclude>
    <ClInclude Include="D:\Code\CANopenNode\nanomsg\src\ipc.h">
      <Filter>ipc.h</Filter>
    </ClInclude>
    <ClInclude Include="D:\Code\CANopenNode\nanomsg\src\tcp.h">
      <Filter>tcp.h</Filter>
    </ClInclude>
    <ClInclude Include="D:\Code\CANopenNode\nanomsg\src\ws.h">
      <Filter>ws.h</Filter>
    </ClInclude>
    <ClInclude Include="D:\Code\CANopenNode\nanomsg\src\pair.h">
      <Filter>pair.h</Filter>
    </ClInclude>
    <ClInclude Include="D:\Code\CANopenNode\nanomsg\src\pubsub.h">
      <Filter>pubsub.h</Filter>
    </ClInclude>
    <ClInclude Include="D:\Code\CANopenNode\nanomsg\src\reqrep.h">
      <Filter>reqrep.h</Filter>
    </ClInclude>
    <ClInclude Include="D:\Code\CANopenNode\nanomsg\src\pipeline.h">
      <Filter>pipeline.h</Filter>
    </ClInclude>
    <ClInclude Include="D:\Code\CANopenNode\nanomsg\src\survey.h">
      <Filter>survey.h</Filter>
    </ClInclude>
    <ClInclude Include="D:\Code\CANopenNode\nanomsg\src\bus.h">
      <Filter>bus.h</Filter>
    </ClInclude>
    <ClInclude Include="D:\Code\CANopenNode\nanomsg\src\core\ep.h">
      <Filter>core</Filter>
    </ClInclude>
    <ClInclude Include="D:\Code\CANopenNode\nanomsg\src\core\global.h">
      <Filter>core</Filter>
    </ClInclude>
    <ClInclude Include="D:\Code\CANopenNode\nanomsg\src\core\sock.h">
      <Filter>core</Filter>
    </ClInclude>
    <ClInclude Include="D:\Code\CANopenNode\nanomsg\src\aio\ctx.h">
      <Filter>aio</Filter>
    </ClInclude>
    <ClInclude Include="D:\Code\CANopenNode\nanomsg\src\aio\fsm.h">
      <Filter>aio</Filter>
    </ClInclude>
    <ClInclude Include="D:\Code\CANopenNode\nanomsg\src\aio\pool.h">
      <Filter>aio</Filter>
    </ClInclude>
    <ClInclude Include="D:\Code\CANopenNode\nanomsg\src\aio\timer.h">
      <Filter>aio</Filter>
    </ClInclude>
    <ClInclude Include="D:\Code\CANopenNode\nanomsg\src\aio\timerset.h">
      <Filter>aio</Filter>
    </ClInclude>
    <ClInclude Include="D:\Code\CANopenNode\nanomsg\src\aio\usock.h">
      <Filter>aio</Filter>
    </ClInclude>
    <ClInclude Include="D:\Code\CANopenNode\nanomsg\src\aio\worker.h">
      <Filter>aio</Filter>
    </ClInclude>
    <ClInclude Include="D:\Code\CANopenNode\nanomsg\src\utils\alloc.h">
      <Filter>utils</Filter>
    </ClInclude>
    <ClInclude Include="D:\Code\CANopenNode\nanomsg\src\utils\atomic.h">
      <Filter>utils</Filter>
    </ClInclude>
    <ClInclude Include="D:\Code\CANopenNode\nanomsg\src\utils\attr.h">
      <Filter>utils</Filter>
    </ClInclude>
    <ClInclude Include="D:\Code\CANopenNode\nanomsg\src\utils\chunk.h">
      <Filter>utils</Filter>
    </ClInclude>
    <ClInclude Include="D:\Code\CANopenNode\nanomsg\src\utils\chunkref.h">
      <Filter>utils</Filter>
    </ClInclude>
    <ClInclude Include="D:\Code\CANopenNode\nanomsg\src\utils\clock.h">
      <Filter>utils</Filter>
    </ClInclude>
    <ClInclude Include="D:\Code\CANopenNode\nanomsg\src\utils\closefd.h">
      <Filter>utils</Filter>
    </ClInclude>
    <ClInclude Include="D:\Code\CANopenNode\nanomsg\src\utils\cont.h">
      <Filter>utils</Filter>
    </ClInclude>
    <ClInclude Include="D:\Code\CANopenNode\nanomsg\src\utils\efd.h">
      <Filter>utils</Filter>
    </ClInclude>
    <ClInclude Include="D:\Code\CANopenNode\nanomsg\src\utils\err.h">
      <Filter>utils</Filter>
    </ClInclude>
    <ClInclude Include="D:\Code\CANopenNode\nanomsg\src\utils\fast.h">
      <Filter>utils</Filter>
    </ClInclude>
    <ClInclude Include="D:\Code\CANopenNode\nanomsg\src\utils\fd.h">
      <Filter>utils</Filter>
    </ClInclude>
    <ClInclude Include="D:\Code\CANopenNode\nanomsg\src\utils\hash.h">
      <Filter>utils</Filter>
    </ClInclude>
    <ClInclude Include="D:\Code\CANopenNode\nanomsg\src\utils\list.h">
      <Filter>utils</Filter>
    </ClInclude>
    <ClInclude Include="D:\Code\CANopenNode\nanomsg\src\utils\msg.h">
      <Filter>utils</Filter>
    </ClInclude>
    <ClInclude Include="D:\Code\CANopenNode\nanomsg\src\utils\condvar.h">
      <Filter>utils</Filter>
    </ClInclude>
    <ClInclude Include="D:\Code\CANopenNode\nanomsg\src\utils\mutex.h">
      <Filter>utils</Filter>
    </ClInclude>
    <ClInclude Include="D:\Code\CANopenNode\nanomsg\src\utils\once.h">
      <Filter>utils</Filter>
    </ClInclude>
    <ClInclude Include="D:\Code\CANopenNode\nanomsg\src\utils\queue.h">
      <Filter>utils</Filter>
    </ClInclude>
    <ClInclude Include="D:\Code\CANopenNode\nanomsg\src\utils\random.h">
      <Filter>utils</Filter>
    </ClInclude>
    <ClInclude Include="D:\Code\CANopenNode\nanomsg\src\utils\sem.h">
      <Filter>utils</Filter>
    </ClInclude>
    <ClInclude Include="D:\Code\CANopenNode\nanomsg\src\utils\sleep.h">
      <Filter>utils</Filter>
    </ClInclude>
    <ClInclude Include="D:\Code\CANopenNode\nanomsg\src\utils\strcasecmp.h">
      <Filter>utils</Filter>
    </ClInclude>
    <ClInclude Include="D:\Code\CANopenNode\nanomsg\src\utils\strcasestr.h">
      <Filter>utils</Filter>
    </ClInclude>
    <ClInclude Include="D:\Code\CANopenNode\nanomsg\src\utils\strncasecmp.h">
      <Filter>utils</Filter>
    </ClInclude>
    <ClInclude Include="D:\Code\CANopenNode\nanomsg\src\utils\thread.h">
      <Filter>utils</Filter>
    </ClInclude>
    <ClInclude Include="D:\Code\CANopenNode\nanomsg\src\utils\wire.h">
      <Filter>utils</Filter>
    </ClInclude>
    <ClInclude Include="D:\Code\CANopenNode\nanomsg\src\devices\device.h">
      <Filter>devices</Filter>
    </ClInclude>
    <ClInclude Include="D:\Code\CANopenNode\nanomsg\src\protocols\utils\dist.h">
      <Filter>protocols\utils</Filter>
    </ClInclude>
    <ClInclude Include="D:\Code\CANopenNode\nanomsg\src\protocols\utils\excl.h">
      <Filter>protocols\utils</Filter>
    </ClInclude>
    <ClInclude Include="D:\Code\CANopenNode\nanomsg\src\protocols\utils\fq.h">
      <Filter>protocols\utils</Filter>
    </ClInclude>
    <ClInclude Include="D:\Code\CANopenNode\nanomsg\src\protocols\utils\lb.h">
      <Filter>protocols\utils</Filter>
    </ClInclude>
    <ClInclude Include="D:\Code\CANopenNode\nanomsg\src\protocols\utils\priolist.h">
      <Filter>protocols\utils</Filter>
    </ClInclude>
    <ClInclude Include="D:\Code\CANopenNode\nanomsg\src\protocols\bus\xbus.h">
      <Filter>protocols\bus</Filter>
    </ClInclude>
    <ClInclude Include="D:\Code\CANopenNode\nanomsg\src\protocols\pipeline\xpull.h">
      <Filter>protocols\pipeline</Filter>
    </ClInclude>
    <ClInclude Include="D:\Code\CANopenNode\nanomsg\src\protocols\pipeline\xpush.h">
      <Filter>protocols\pipeline</Filter>
    </ClInclude>
    <ClInclude Include="D:\Code\CANopenNode\nanomsg\src\protocols\pair\xpair.h">
      <Filter>protocols\pair</Filter>
    </ClInclude>
    <ClInclude Include="D:\Code\CANopenNode\nanomsg\src\protocols\pubsub\trie.h">
      <Filter>protocols\pubsub</Filter>
    </ClInclude>
    <ClInclude Include="D:\Code\CANopenNode\nanomsg\src\protocols\pubsub\xpub.h">
      <Filter>protocols\pubsub</Filter>
    </ClInclude>
    <ClInclude Include="D:\Code\CANopenNode\nanomsg\src\protocols\pubsub\xsub.h">
      <Filter>protocols\pubsub</Filter>
    </ClInclude>
    <ClInclude Include="D:\Code\CANopenNode\nanomsg\src\protocols\reqrep\req.h">
      <Filter>protocols\reqrep</Filter>
    </ClInclude>
    <ClInclude Include="D:\Code\CANopenNode\nanomsg\src\protocols\reqrep\rep.h">
      <Filter>protocols\reqrep</Filter>
    </ClInclude>
    <ClInclude Include="D:\Code\CANopenNode\nanomsg\src\protocols\reqrep\task.h">
      <Filter>protocols\reqrep</Filter>
    </ClInclude>
    <ClInclude Include="D:\Code\CANopenNode\nanomsg\src\protocols\reqrep\xrep.h">
      <Filter>protocols\reqrep</Filter>
    </ClInclude>
    <ClInclude Include="D:\Code\CANopenNode\nanomsg\src\protocols\reqrep\xreq.h">
      <Filter>protocols\reqrep</Filter>
    </ClInclude>
    <ClInclude Include="D:\Code\CANopenNode\nanomsg\src\protocols\survey\xrespondent.h">
      <Filter>protocols\survey</Filter>
    </ClInclude>
    <ClInclude Include="D:\Code\CANopenNode\nanomsg\src\protocols\survey\xsurveyor.h">
      <Filter>protocols\survey</Filter>
    </ClInclude>
    <ClInclude Include="D:\Code\CANopenNode\nanomsg\src\transports\utils\backoff.h">
      <Filter>transports\utils</Filter>
    </ClInclude>
    <ClInclude Include="D:\Code\CANopenNode\nanomsg\src\transports\utils\dns.h">
      <Filter>transports\utils</Filter>
    </ClInclude>
    <ClInclude Include="D:\Code\CANopenNode\nanomsg\src\transports\utils\dns_getaddrinfo.h">
      <Filter>transports\utils</Filter>
    </ClInclude>
    <ClInclude Include="D:\Code\CANopenNode\nanomsg\src\transports\utils\dns_getaddrinfo_a.h">
      <Filter>transports\utils</Filter>
    </ClInclude>
    <ClInclude Include="D:\Code\CANopenNode\nanomsg\src\transports\utils\iface.h">
      <Filter>transports\utils</Filter>
    </ClInclude>
    <ClInclude Include="D:\Code\CANopenNode\nanomsg\src\transports\utils\literal.h">
      <Filter>transports\utils</Filter>
    </ClInclude>
    <ClInclude Include="D:\Code\CANopenNode\nanomsg\src\transports\utils\port.h">
      <Filter>transports\utils</Filter>
    </ClInclude>
    <ClInclude Include="D:\Code\CANopenNode\nanomsg\src\transports\utils\streamhdr.h">
      <Filter>transports\utils</Filter>
    </ClInclude>
    <ClInclude Include="D:\Code\CANopenNode\nanomsg\src\transports\utils\base64.h">
      <Filter>transports\utils</Filter>
    </ClInclude>
    <ClInclude Include="D:\Code\CANopenNode\nanomsg\src\transports\inproc\binproc.h">
      <Filter>transports\inproc</Filter>
    </ClInclude>
    <ClInclude Include="D:\Code\CANopenNode\nanomsg\src\transports\inproc\cinproc.h">
      <Filter>transports\inproc</Filter>
    </ClInclude>
    <ClInclude Include="D:\Code\CANopenNode\nanomsg\src\transports\inproc\ins.h">
      <Filter>transports\inproc</Filter>
    </ClInclude>
    <ClInclude Include="D:\Code\CANopenNode\nanomsg\src\transports\inproc\msgqueue.h">
      <Filter>transports\inproc</Filter>
    </ClInclude>
    <ClInclude Include="D:\Code\CANopenNode\nanomsg\src\transports\inproc\sinproc.h">
      <Filter>transports\inproc</Filter>
    </ClInclude>
    <ClInclude Include="D:\Code\CANopenNode\nanomsg\src\transports\ipc\aipc.h">
      <Filter>transports\ipc</Filter>
    </ClInclude>
    <ClInclude Include="D:\Code\CANopenNode\nanomsg\src\transports\ipc\bipc.h">
      <Filter>transports\ipc</Filter>
    </ClInclude>
    <ClInclude Include="D:\Code\CANopenNode\nanomsg\src\transports\ipc\cipc.h">
      <Filter>transports\ipc</Filter>
    </ClInclude>
    <ClInclude Include="D:\Code\CANopenNode\nanomsg\src\transports\ipc\sipc.h">
      <Filter>transports\ipc</Filter>
    </ClInclude>
    <ClInclude Include="D:\Code\CANopenNode\nanomsg\src\transports\tcp\atcp.h">
      <Filter>transports\tcp</Filter>
    </ClInclude>
    <ClInclude Include="D:\Code\CANopenNode\nanomsg\src\transports\tcp\btcp.h">
      <Filter>transports\tcp</Filter>
    </ClInclude>
    <ClInclude Include="D:\Code\CANopenNode\nanomsg\src\transports\tcp\ctcp.h">
      <Filter>transports\tcp</Filter>
    </ClInclude>
    <ClInclude Include="D:\Code\CANopenNode\nanomsg\src\transports\tcp\stcp.h">
      <Filter>transports\tcp</Filter>
    </ClInclude>
    <ClInclude Include="D:\Code\CANopenNode\nanomsg\src\transports\ws\aws.h">
      <Filter>transports\ws</Filter>
    </ClInclude>
    <ClInclude Include="D:\Code\CANopenNode\nanomsg\src\transports\ws\bws.h">
      <Filter>transports\ws</Filter>
    </ClInclude>
    <ClInclude Include="D:\Code\CANopenNode\nanomsg\src\transports\ws\cws.h">
      <Filter>transports\ws</Filter>
    </ClInclude>
    <ClInclude Include="D:\Code\CANopenNode\nanomsg\src\transports\ws\sws.h">
      <Filter>transports\ws</Filter>
    </ClInclude>
    <ClInclude Include="D:\Code\CANopenNode\nanomsg\src\transports\ws\ws_handshake.h">
      <Filter>transports\ws</Filter>
    </ClInclude>
    <ClInclude Include="D:\Code\CANopenNode\nanomsg\src\transports\ws\sha1.h">
      <Filter>transports\ws</Filter>
    </ClInclude>
    <ClInclude Include="D:\Code\CANopenNode\nanomsg\src\aio\usock_win.h">
      <Filter>aio</Filter>
    </ClInclude>
    <ClInclude Include="D:\Code\CANopenNode\nanomsg\src\aio\worker_win.h">
      <Filter>aio</Filter>
    </ClInclude>
    <ClInclude Include="D:\Code\CANopenNode\nanomsg\src\utils\thread_win.h">
      <Filter>utils</Filter>
    </ClInclude>
    <ClInclude Include="D:\Code\CANopenNode\nanomsg\src\utils\win.h">
      <Filter>utils</Filter>
    </ClInclude>
    <ClInclude Include="D:\Code\CANopenNode\nanomsg\src\utils\efd_win.h">
      <Filter>utils</Filter>
    </ClInclude>
  </ItemGroup>
  <ItemGroup>
    <CustomBuild Include="D:\Code\CANopenNode\nanomsg\src\CMakeLists.txt" />
  </ItemGroup>
  <ItemGroup>
    <None Include="D:\Code\CANopenNode\nanomsg\src\transports\utils\dns_getaddrinfo.inc">
      <Filter>transports\utils</Filter>
    </None>
    <None Include="D:\Code\CANopenNode\nanomsg\src\transports\utils\dns_getaddrinfo_a.inc">
      <Filter>transports\utils</Filter>
    </None>
    <None Include="D:\Code\CANopenNode\nanomsg\src\aio\usock_win.inc">
      <Filter>aio</Filter>
    </None>
    <None Include="D:\Code\CANopenNode\nanomsg\src\aio\worker_win.inc">
      <Filter>aio</Filter>
    </None>
    <None Include="D:\Code\CANopenNode\nanomsg\src\utils\thread_win.inc">
      <Filter>utils</Filter>
    </None>
    <None Include="D:\Code\CANopenNode\nanomsg\src\utils\efd_win.inc">
      <Filter>utils</Filter>
    </None>
  </ItemGroup>
  <ItemGroup>
    <Filter Include="protocols\utils">
      <UniqueIdentifier>{7C86B418-F942-3EF7-A6AE-656B6FA782D4}</UniqueIdentifier>
    </Filter>
    <Filter Include="protocols\bus">
      <UniqueIdentifier>{4983A8D7-D353-35CF-9149-313F1461FBD1}</UniqueIdentifier>
    </Filter>
    <Filter Include="protocols\pipeline">
      <UniqueIdentifier>{70171A98-8A22-300B-8CC3-9AF06D22F3EB}</UniqueIdentifier>
    </Filter>
    <Filter Include="protocols\pair">
      <UniqueIdentifier>{5DF18648-BB15-3923-BAE5-9F7BD7258BC8}</UniqueIdentifier>
    </Filter>
    <Filter Include="protocols\pubsub">
      <UniqueIdentifier>{EE1BB718-C460-3D9B-943B-9C002204EF74}</UniqueIdentifier>
    </Filter>
    <Filter Include="protocols\reqrep">
      <UniqueIdentifier>{0B41588D-BCDC-3996-9FE0-EA009C8E1D9A}</UniqueIdentifier>
    </Filter>
    <Filter Include="protocols\survey">
      <UniqueIdentifier>{1D91DE6D-9FED-37AC-9054-A20A3E4F9641}</UniqueIdentifier>
    </Filter>
    <Filter Include="transports\utils">
      <UniqueIdentifier>{C90B1C55-FD68-315D-8975-C4380DB82667}</UniqueIdentifier>
    </Filter>
    <Filter Include="transports\inproc">
      <UniqueIdentifier>{F96ADEBA-90F6-3B05-AEB5-D241A6FC3DE1}</UniqueIdentifier>
    </Filter>
    <Filter Include="transports\ipc">
      <UniqueIdentifier>{DA173BB3-5E77-3CE4-88C2-7B6774FD801D}</UniqueIdentifier>
    </Filter>
    <Filter Include="transports\tcp">
      <UniqueIdentifier>{2EA955E4-0F65-319D-A7E2-27B4EABA9DCB}</UniqueIdentifier>
    </Filter>
    <Filter Include="transports\ws">
      <UniqueIdentifier>{33EC0CA9-474B-3922-8BF0-31DA1E360315}</UniqueIdentifier>
    </Filter>
    <Filter Include="nn.h">
      <UniqueIdentifier>{51362CED-9052-34EF-ACAE-826BD379C323}</UniqueIdentifier>
    </Filter>
    <Filter Include="inproc.h">
      <UniqueIdentifier>{2C88E9FD-E8AD-3965-9CBA-C945F5564353}</UniqueIdentifier>
    </Filter>
    <Filter Include="ipc.h">
      <UniqueIdentifier>{E4549A88-3466-36C1-B130-00B4B4739345}</UniqueIdentifier>
    </Filter>
    <Filter Include="tcp.h">
      <UniqueIdentifier>{BAC86F97-2697-3225-BB6C-D85604AE054C}</UniqueIdentifier>
    </Filter>
    <Filter Include="ws.h">
      <UniqueIdentifier>{60F32CC8-8978-34D1-88A5-24A4B163372D}</UniqueIdentifier>
    </Filter>
    <Filter Include="pair.h">
      <UniqueIdentifier>{4C75E4B6-BDEB-39A9-8377-29F98503A8B4}</UniqueIdentifier>
    </Filter>
    <Filter Include="pubsub.h">
      <UniqueIdentifier>{7DD31D3B-ADC7-3118-8F55-B6E34A4943A5}</UniqueIdentifier>
    </Filter>
    <Filter Include="reqrep.h">
      <UniqueIdentifier>{FA572E91-81AD-3EAC-BC1F-DFB6BD2F507C}</UniqueIdentifier>
    </Filter>
    <Filter Include="pipeline.h">
      <UniqueIdentifier>{4372A701-D12C-3A61-B26C-90EE7BC50985}</UniqueIdentifier>
    </Filter>
    <Filter Include="survey.h">
      <UniqueIdentifier>{1CBD948D-10C8-30E4-9C5F-4B25816F436C}</UniqueIdentifier>
    </Filter>
    <Filter Include="bus.h">
      <UniqueIdentifier>{4D313371-B50A-3DC0-89CD-D32DD1792146}</UniqueIdentifier>
    </Filter>
    <Filter Include="core">
      <UniqueIdentifier>{4E807429-89FF-3E40-BBA3-0933ACBF379D}</UniqueIdentifier>
    </Filter>
    <Filter Include="aio">
      <UniqueIdentifier>{39383CEB-CCEC-365F-B4EA-6C87FEB404C4}</UniqueIdentifier>
    </Filter>
    <Filter Include="utils">
      <UniqueIdentifier>{21D28483-5A4C-35C7-A1A8-6096121075E6}</UniqueIdentifier>
    </Filter>
    <Filter Include="devices">
      <UniqueIdentifier>{E726EB23-2929-35A9-834B-60A740C2F317}</UniqueIdentifier>
    </Filter>
    <Filter Include="protocols">
      <UniqueIdentifier>{59560633-0CA8-339A-8019-04C2D21C2C48}</UniqueIdentifier>
    </Filter>
    <Filter Include="transports">
      <UniqueIdentifier>{4EC6EA1A-DA50-32D5-89E6-7DFF22F10AE8}</UniqueIdentifier>
    </Filter>
  </ItemGroup>
</Project>
