<?xml version="1.0" encoding="utf-8"?>
<Project ToolsVersion="4.0" xmlns="http://schemas.microsoft.com/developer/msbuild/2003">
  <ItemGroup>
    <Filter Include="Source Files">
      <UniqueIdentifier>{4FC737F1-C7A5-4376-A066-2A32D752A2FF}</UniqueIdentifier>
      <Extensions>cpp;c;cc;cxx;def;odl;idl;hpj;bat;asm;asmx</Extensions>
    </Filter>
    <Filter Include="Header Files">
      <UniqueIdentifier>{93995380-89BD-4b04-88EB-625FBE52EBFB}</UniqueIdentifier>
      <Extensions>h;hh;hpp;hxx;hm;inl;inc;xsd</Extensions>
    </Filter>
    <Filter Include="Resource Files">
      <UniqueIdentifier>{67DA6AB6-F800-4c08-8B7A-83BB121AAD01}</UniqueIdentifier>
      <Extensions>rc;ico;cur;bmp;dlg;rc2;rct;bin;rgs;gif;jpg;jpeg;jpe;resx;tiff;tif;png;wav;mfcribbon-ms</Extensions>
    </Filter>
    <Filter Include="Source Files\Stack">
      <UniqueIdentifier>{fd96fc57-afb2-412c-84f3-630145ac6736}</UniqueIdentifier>
    </Filter>
    <Filter Include="Source Files\Driver">
      <UniqueIdentifier>{abebd0d2-d7e5-4deb-a7ec-2abd4a6bf25b}</UniqueIdentifier>
    </Filter>
    <Filter Include="Source Files\OD">
      <UniqueIdentifier>{e4b0725f-53b7-4a50-ab97-67908d1d1ae6}</UniqueIdentifier>
    </Filter>
  </ItemGroup>
  <ItemGroup>
    <ClCompile Include="..\..\stack\CO_Emergency.c">
      <Filter>Source Files\Stack</Filter>
    </ClCompile>
    <ClCompile Include="..\..\stack\CO_HBconsumer.c">
      <Filter>Source Files\Stack</Filter>
    </ClCompile>
    <ClCompile Include="..\..\stack\CO_NMT_Heartbeat.c">
      <Filter>Source Files\Stack</Filter>
    </ClCompile>
    <ClCompile Include="..\..\stack\CO_PDO.c">
      <Filter>Source Files\Stack</Filter>
    </ClCompile>
    <ClCompile Include="..\..\stack\CO_SDO.c">
      <Filter>Source Files\Stack</Filter>
    </ClCompile>
    <ClCompile Include="..\..\stack\CO_SDOmaster.c">
      <Filter>Source Files\Stack</Filter>
    </ClCompile>
    <ClCompile Include="..\..\stack\CO_SYNC.c">
      <Filter>Source Files\Stack</Filter>
    </ClCompile>
    <ClCompile Include="..\..\stack\CO_trace.c">
      <Filter>Source Files\Stack</Filter>
    </ClCompile>
    <ClCompile Include="..\..\stack\crc16-ccitt.c">
      <Filter>Source Files\Stack</Filter>
    </ClCompile>
    <ClCompile Include="..\..\CANopen.c">
      <Filter>Source Files\Stack</Filter>
    </ClCompile>
    <ClCompile Include="..\..\stack\nanobus\CO_driver.c">
      <Filter>Source Files\Driver</Filter>
    </ClCompile>
    <ClCompile Include="..\..\example\CO_OD.c">
      <Filter>Source Files\OD</Filter>
    </ClCompile>
    <ClCompile Include="main.c">
      <Filter>Source Files</Filter>
    </ClCompile>
  </ItemGroup>
  <ItemGroup>
    <ClInclude Include="..\..\example\CO_OD.h">
      <Filter>Header Files</Filter>
    </ClInclude>
    <ClInclude Include="..\..\CANopen.h">
      <Filter>Header Files</Filter>
    </ClInclude>
    <ClInclude Include="..\..\stack\CO_Emergency.h">
      <Filter>Header Files</Filter>
    </ClInclude>
    <ClInclude Include="..\..\stack\CO_HBconsumer.h">
      <Filter>Header Files</Filter>
    </ClInclude>
    <ClInclude Include="..\..\stack\CO_NMT_Heartbeat.h">
      <Filter>Header Files</Filter>
    </ClInclude>
    <ClInclude Include="..\..\stack\CO_PDO.h">
      <Filter>Header Files</Filter>
    </ClInclude>
    <ClInclude Include="..\..\stack\CO_SDO.h">
      <Filter>Header Files</Filter>
    </ClInclude>
    <ClInclude Include="..\..\stack\CO_SDOmaster.h">
      <Filter>Header Files</Filter>
    </ClInclude>
    <ClInclude Include="..\..\stack\CO_SYNC.h">
      <Filter>Header Files</Filter>
    </ClInclude>
    <ClInclude Include="..\..\stack\CO_trace.h">
      <Filter>Header Files</Filter>
    </ClInclude>
    <ClInclude Include="..\..\stack\crc16-ccitt.h">
      <Filter>Header Files</Filter>
    </ClInclude>
    <ClInclude Include="..\..\stack\nanobus\CO_driver.h">
      <Filter>Header Files</Filter>
    </ClInclude>
    <ClInclude Include="..\..\stack\nanobus\InterfaceBoundary.h">
      <Filter>Header Files</Filter>
    </ClInclude>
  </ItemGroup>
</Project>