<?xml version="1.0" encoding="utf-8"?>
<Project ToolsVersion="4.0" xmlns="http://schemas.microsoft.com/developer/msbuild/2003">
  <ItemGroup>
    <Filter Include="Source Files">
      <UniqueIdentifier>{911d2533-9dea-4f5a-864f-f1c8b41a673d}</UniqueIdentifier>
      <Extensions>*.c</Extensions>
    </Filter>
    <Filter Include="Header Files">
      <UniqueIdentifier>{44618369-c9bf-476f-ac61-3e1302cc6750}</UniqueIdentifier>
      <Extensions>*.h</Extensions>
    </Filter>
  </ItemGroup>
  <ItemGroup>
    <ClCompile Include="..\CO_Emergency.c">
      <Filter>Source Files</Filter>
    </ClCompile>
    <ClCompile Include="..\CO_HBconsumer.c">
      <Filter>Source Files</Filter>
    </ClCompile>
    <ClCompile Include="..\CO_NMT_Heartbeat.c">
      <Filter>Source Files</Filter>
    </ClCompile>
    <ClCompile Include="..\CO_PDO.c">
      <Filter>Source Files</Filter>
    </ClCompile>
    <ClCompile Include="..\CO_SDO.c">
      <Filter>Source Files</Filter>
    </ClCompile>
    <ClCompile Include="..\CO_SDOmaster.c">
      <Filter>Source Files</Filter>
    </ClCompile>
    <ClCompile Include="..\CO_SYNC.c">
      <Filter>Source Files</Filter>
    </ClCompile>
    <ClCompile Include="..\CO_trace.c">
      <Filter>Source Files</Filter>
    </ClCompile>
    <ClCompile Include="..\crc16-ccitt.c">
      <Filter>Source Files</Filter>
    </ClCompile>
    <ClCompile Include="..\..\CANopen.c">
      <Filter>Source Files</Filter>
    </ClCompile>
    <ClCompile Include="..\..\example\CO_OD.c">
      <Filter>Source Files</Filter>
    </ClCompile>
  </ItemGroup>
  <ItemGroup>
    <ClInclude Include="..\CO_Emergency.h">
      <Filter>Header Files</Filter>
    </ClInclude>
    <ClInclude Include="..\CO_HBconsumer.h">
      <Filter>Header Files</Filter>
    </ClInclude>
    <ClInclude Include="..\CO_NMT_Heartbeat.h">
      <Filter>Header Files</Filter>
    </ClInclude>
    <ClInclude Include="..\CO_PDO.h">
      <Filter>Header Files</Filter>
    </ClInclude>
    <ClInclude Include="..\CO_SDO.h">
      <Filter>Header Files</Filter>
    </ClInclude>
    <ClInclude Include="..\CO_SDOmaster.h">
      <Filter>Header Files</Filter>
    </ClInclude>
    <ClInclude Include="..\CO_SYNC.h">
      <Filter>Header Files</Filter>
    </ClInclude>
    <ClInclude Include="..\CO_trace.h">
      <Filter>Header Files</Filter>
    </ClInclude>
    <ClInclude Include="..\crc16-ccitt.h">
      <Filter>Header Files</Filter>
    </ClInclude>
    <ClInclude Include="..\..\CANopen.h">
      <Filter>Header Files</Filter>
    </ClInclude>
    <ClInclude Include="..\..\example\CO_OD.h">
      <Filter>Header Files</Filter>
    </ClInclude>
    <ClInclude Include="..\CO_NMT_Master.h">
      <Filter>Header Files</Filter>
    </ClInclude>
  </ItemGroup>
</Project>